filippo.io/edwards25519 v1.1.0 h1:FNf4tywRC1HmFuKW5xopWpigGjJKiJSV0Cqo0cJWDaA=
filippo.io/edwards25519 v1.1.0/go.mod h1:BxyFTGdWcka3PhytdK4V28tE5sGfRvvvRV7EaN4VDT4=
github.com/dub-otrezkov/test_go v0.0.0-20240712102110-6a67d6277b79 h1:lLaGfPV0LdDW2+r1g+mA0tM8SCS1fasqudWVC+N7Cyg=
github.com/dub-otrezkov/test_go v0.0.0-20240712102110-6a67d6277b79/go.mod h1:cfcn5hJHcfLCQnZQd1qvmyzKVWZvXqb1qGVtFg1bnKw=
github.com/dub-otrezkov/test_go v0.0.0-20240712161656-dcbf17ebb327 h1:Rve06Sz5jrSnS5jhuXrugZ6D5EsE7jJxpQlKK0JJhnw=
github.com/dub-otrezkov/test_go v0.0.0-20240712161656-dcbf17ebb327/go.mod h1:wPw0k+eYmCp8pcfkk+hwgAgPhNzl/f/w5oo0iBJhDKA=
github.com/go-sql-driver/mysql v1.8.1 h1:LedoTUt/eveggdHS9qUFC1EFSa8bU2+1pZjSRpvNJ1Y=
github.com/go-sql-driver/mysql v1.8.1/go.mod h1:wEBSXgmK//2ZFJyE+qWnIsVGmvmEKlqwuVSjsCm7DZg=
